<?xml version="1.0" encoding="utf-8"?>
<Project ToolsVersion="4.0" xmlns="http://schemas.microsoft.com/developer/msbuild/2003">
  <ItemGroup>
    <Filter Include="class">
      <UniqueIdentifier>{ceb4d80f-277d-40aa-b102-759221a9a04c}</UniqueIdentifier>
    </Filter>
    <Filter Include="Resource">
      <UniqueIdentifier>{67DA6AB6-F800-4c08-8B7A-83BB121AAD01}</UniqueIdentifier>
      <Extensions>rc;ico;cur;bmp;dlg;rc2;rct;bin;rgs;gif;jpg;jpeg;jpe;resx;tiff;tif;png;wav;mfcribbon-ms</Extensions>
    </Filter>
    <Filter Include="Window">
      <UniqueIdentifier>{bc039f19-64fa-4e75-a4a5-bc7658b75a86}</UniqueIdentifier>
    </Filter>
  </ItemGroup>
  <ItemGroup>
    <ClCompile Include="PathLib.cpp">
      <Filter>class</Filter>
    </ClCompile>
    <ClCompile Include="SQLite.cpp">
      <Filter>class</Filter>
    </ClCompile>
    <ClCompile Include="Utils.cpp">
      <Filter>class</Filter>
    </ClCompile>
    <ClCompile Include="nbsg.cpp">
      <Filter>class</Filter>
    </ClCompile>
    <ClCompile Include="App.cpp">
      <Filter>class</Filter>
    </ClCompile>
    <ClCompile Include="AddDlg.cpp">
      <Filter>Window</Filter>
    </ClCompile>
    <ClCompile Include="MainDlg.cpp">
      <Filter>Window</Filter>
    </ClCompile>
    <ClCompile Include="tips.cpp">
      <Filter>class</Filter>
    </ClCompile>
    <ClCompile Include="Except.cpp">
      <Filter>class</Filter>
    </ClCompile>
    <ClCompile Include="Mini.cpp">
      <Filter>Window</Filter>
    </ClCompile>
    <ClCompile Include="InputBox.cpp">
      <Filter>Window</Filter>
    </ClCompile>
    <ClCompile Include="MyUtil.cpp">
      <Filter>Window</Filter>
    </ClCompile>
  </ItemGroup>
  <ItemGroup>
    <ClInclude Include="PathLib.h">
      <Filter>class</Filter>
    </ClInclude>
    <ClInclude Include="SQLite.h">
      <Filter>class</Filter>
    </ClInclude>
    <ClInclude Include="Utils.h">
      <Filter>class</Filter>
    </ClInclude>
    <ClInclude Include="App.h">
      <Filter>class</Filter>
    </ClInclude>
    <ClInclude Include="nbsg.h">
      <Filter>class</Filter>
    </ClInclude>
    <ClInclude Include="AddDlg.h">
      <Filter>Window</Filter>
    </ClInclude>
    <ClInclude Include="MainDlg.h">
      <Filter>Window</Filter>
    </ClInclude>
    <ClInclude Include="tips.h">
      <Filter>class</Filter>
    </ClInclude>
    <ClInclude Include="Except.h">
      <Filter>class</Filter>
    </ClInclude>
    <ClInclude Include="Mini.h">
      <Filter>Window</Filter>
    </ClInclude>
    <ClInclude Include="resource.h">
      <Filter>Resource</Filter>
    </ClInclude>
    <ClInclude Include="InputBox.h">
      <Filter>Window</Filter>
    </ClInclude>
    <ClInclude Include="res\resource.h">
      <Filter>Resource</Filter>
    </ClInclude>
    <ClInclude Include="MyUtil.h">
      <Filter>Window</Filter>
    </ClInclude>
  </ItemGroup>
  <ItemGroup>
    <Image Include="res\100.ico">
      <Filter>Resource</Filter>
    </Image>
  </ItemGroup>
  <ItemGroup>
    <ResourceCompile Include="res\nbsg.rc">
      <Filter>Resource</Filter>
    </ResourceCompile>
  </ItemGroup>
  <ItemGroup>
    <Manifest Include="res\xps.manifest">
      <Filter>Resource</Filter>
    </Manifest>
  </ItemGroup>
  <ItemGroup>
    <Text Include="..\updates.txt" />
  </ItemGroup>
</Project>