<?xml version="1.0" encoding="utf-8"?>
<Project ToolsVersion="4.0" xmlns="http://schemas.microsoft.com/developer/msbuild/2003">
  <ItemGroup>
    <Filter Include="class">
      <UniqueIdentifier>{ceb4d80f-277d-40aa-b102-759221a9a04c}</UniqueIdentifier>
    </Filter>
    <Filter Include="Resource">
      <UniqueIdentifier>{67DA6AB6-F800-4c08-8B7A-83BB121AAD01}</UniqueIdentifier>
      <Extensions>rc;ico;cur;bmp;dlg;rc2;rct;bin;rgs;gif;jpg;jpeg;jpe;resx;tiff;tif;png;wav;mfcribbon-ms</Extensions>
    </Filter>
    <Filter Include="Window">
      <UniqueIdentifier>{bc039f19-64fa-4e75-a4a5-bc7658b75a86}</UniqueIdentifier>
    </Filter>
    <Filter Include="class\ico_from_exe">
      <UniqueIdentifier>{43c3a724-7a43-4720-9900-85c636b07764}</UniqueIdentifier>
    </Filter>
  </ItemGroup>
  <ItemGroup>
    <ClCompile Include="PathLib.cpp">
      <Filter>class</Filter>
    </ClCompile>
    <ClCompile Include="SQLite.cpp">
      <Filter>class</Filter>
    </ClCompile>
    <ClCompile Include="Utils.cpp">
      <Filter>class</Filter>
    </ClCompile>
    <ClCompile Include="nbsg.cpp">
      <Filter>class</Filter>
    </ClCompile>
    <ClCompile Include="App.cpp">
      <Filter>class</Filter>
    </ClCompile>
    <ClCompile Include="AddDlg.cpp">
      <Filter>Window</Filter>
    </ClCompile>
    <ClCompile Include="MainDlg.cpp">
      <Filter>Window</Filter>
    </ClCompile>
    <ClCompile Include="tips.cpp">
      <Filter>class</Filter>
    </ClCompile>
    <ClCompile Include="Except.cpp">
      <Filter>class</Filter>
    </ClCompile>
    <ClCompile Include="Mini.cpp">
      <Filter>Window</Filter>
    </ClCompile>
    <ClCompile Include="ico_from_exe\ByteArray.cpp">
      <Filter>class\ico_from_exe</Filter>
    </ClCompile>
    <ClCompile Include="ico_from_exe\icon_from_exe.cpp">
      <Filter>class\ico_from_exe</Filter>
    </ClCompile>
  </ItemGroup>
  <ItemGroup>
    <ClInclude Include="PathLib.h">
      <Filter>class</Filter>
    </ClInclude>
    <ClInclude Include="SQLite.h">
      <Filter>class</Filter>
    </ClInclude>
    <ClInclude Include="Utils.h">
      <Filter>class</Filter>
    </ClInclude>
    <ClInclude Include="App.h">
      <Filter>class</Filter>
    </ClInclude>
    <ClInclude Include="nbsg.h">
      <Filter>class</Filter>
    </ClInclude>
    <ClInclude Include="resource.h" />
    <ClInclude Include="AddDlg.h">
      <Filter>Window</Filter>
    </ClInclude>
    <ClInclude Include="MainDlg.h">
      <Filter>Window</Filter>
    </ClInclude>
    <ClInclude Include="tips.h">
      <Filter>class</Filter>
    </ClInclude>
    <ClInclude Include="Except.h">
      <Filter>class</Filter>
    </ClInclude>
    <ClInclude Include="Mini.h">
      <Filter>Window</Filter>
    </ClInclude>
    <ClInclude Include="ico_from_exe\ByteArray.h">
      <Filter>class\ico_from_exe</Filter>
    </ClInclude>
    <ClInclude Include="ico_from_exe\icon_from_exe.h">
      <Filter>class\ico_from_exe</Filter>
    </ClInclude>
  </ItemGroup>
  <ItemGroup>
    <ResourceCompile Include="nbsg.rc">
      <Filter>Resource</Filter>
    </ResourceCompile>
  </ItemGroup>
  <ItemGroup>
    <Image Include="100.ico">
      <Filter>Resource</Filter>
    </Image>
  </ItemGroup>
  <ItemGroup>
    <Manifest Include="xps.manifest" />
  </ItemGroup>
  <ItemGroup>
    <Text Include="update.txt">
      <Filter>Resource</Filter>
    </Text>
    <Text Include="notes.txt" />
  </ItemGroup>
</Project>