<?xml version="1.0" encoding="utf-8"?>
<Project ToolsVersion="4.0" xmlns="http://schemas.microsoft.com/developer/msbuild/2003">
  <ItemGroup>
    <Filter Include="Source Files">
      <UniqueIdentifier>{4FC737F1-C7A5-4376-A066-2A32D752A2FF}</UniqueIdentifier>
      <Extensions>cpp;c;cc;cxx;def;odl;idl;hpj;bat;asm;asmx</Extensions>
    </Filter>
    <Filter Include="Header Files">
      <UniqueIdentifier>{93995380-89BD-4b04-88EB-625FBE52EBFB}</UniqueIdentifier>
      <Extensions>h;hh;hpp;hxx;hm;inl;inc;xsd</Extensions>
    </Filter>
    <Filter Include="Resource Files">
      <UniqueIdentifier>{67DA6AB6-F800-4c08-8B7A-83BB121AAD01}</UniqueIdentifier>
      <Extensions>rc;ico;cur;bmp;dlg;rc2;rct;bin;rgs;gif;jpg;jpeg;jpe;resx;tiff;tif;png;wav;mfcribbon-ms</Extensions>
    </Filter>
    <Filter Include="Source Files\sqlite3">
      <UniqueIdentifier>{e64017e6-4a8f-426f-9023-d8b7a459e4f4}</UniqueIdentifier>
    </Filter>
    <Filter Include="Source Files\taowin">
      <UniqueIdentifier>{f5cfa382-1fa0-4a27-8de2-08104e98877a}</UniqueIdentifier>
    </Filter>
    <Filter Include="Source Files\lua">
      <UniqueIdentifier>{a44a277e-34c3-4dbd-bce1-c64e4cded8b4}</UniqueIdentifier>
    </Filter>
  </ItemGroup>
  <ItemGroup>
    <ClCompile Include="..\src\main.cc">
      <Filter>Source Files</Filter>
    </ClCompile>
    <ClCompile Include="..\3rd\sqlite3\sqlite3.c">
      <Filter>Source Files\sqlite3</Filter>
    </ClCompile>
    <ClCompile Include="..\src\model.cc">
      <Filter>Source Files</Filter>
    </ClCompile>
    <ClCompile Include="..\src\charset.cc">
      <Filter>Source Files</Filter>
    </ClCompile>
    <ClCompile Include="..\src\view.cc">
      <Filter>Source Files</Filter>
    </ClCompile>
    <ClCompile Include="..\3rd\taowin\tw_control.cpp">
      <Filter>Source Files\taowin</Filter>
    </ClCompile>
    <ClCompile Include="..\3rd\taowin\tw_parser.cpp">
      <Filter>Source Files\taowin</Filter>
    </ClCompile>
    <ClCompile Include="..\3rd\taowin\tw_resmgr.cpp">
      <Filter>Source Files\taowin</Filter>
    </ClCompile>
    <ClCompile Include="..\3rd\taowin\tw_syscontrols.cpp">
      <Filter>Source Files\taowin</Filter>
    </ClCompile>
    <ClCompile Include="..\3rd\taowin\tw_taowin.cpp">
      <Filter>Source Files\taowin</Filter>
    </ClCompile>
    <ClCompile Include="..\3rd\taowin\tw_util.cpp">
      <Filter>Source Files\taowin</Filter>
    </ClCompile>
    <ClCompile Include="..\3rd\taowin\tw_window.cpp">
      <Filter>Source Files\taowin</Filter>
    </ClCompile>
    <ClCompile Include="..\src\shell.cpp">
      <Filter>Source Files</Filter>
    </ClCompile>
    <ClCompile Include="..\src\utils.cc">
      <Filter>Source Files</Filter>
    </ClCompile>
    <ClCompile Include="..\src\test.cc">
      <Filter>Source Files</Filter>
    </ClCompile>
    <ClCompile Include="..\src\exec.cc">
      <Filter>Source Files</Filter>
    </ClCompile>
    <ClCompile Include="..\src\event.cpp">
      <Filter>Source Files</Filter>
    </ClCompile>
    <ClCompile Include="..\3rd\lua\lapi.c">
      <Filter>Source Files\lua</Filter>
    </ClCompile>
    <ClCompile Include="..\3rd\lua\lauxlib.c">
      <Filter>Source Files\lua</Filter>
    </ClCompile>
    <ClCompile Include="..\3rd\lua\lbaselib.c">
      <Filter>Source Files\lua</Filter>
    </ClCompile>
    <ClCompile Include="..\3rd\lua\lbitlib.c">
      <Filter>Source Files\lua</Filter>
    </ClCompile>
    <ClCompile Include="..\3rd\lua\lcode.c">
      <Filter>Source Files\lua</Filter>
    </ClCompile>
    <ClCompile Include="..\3rd\lua\lcorolib.c">
      <Filter>Source Files\lua</Filter>
    </ClCompile>
    <ClCompile Include="..\3rd\lua\lctype.c">
      <Filter>Source Files\lua</Filter>
    </ClCompile>
    <ClCompile Include="..\3rd\lua\ldblib.c">
      <Filter>Source Files\lua</Filter>
    </ClCompile>
    <ClCompile Include="..\3rd\lua\ldebug.c">
      <Filter>Source Files\lua</Filter>
    </ClCompile>
    <ClCompile Include="..\3rd\lua\ldo.c">
      <Filter>Source Files\lua</Filter>
    </ClCompile>
    <ClCompile Include="..\3rd\lua\ldump.c">
      <Filter>Source Files\lua</Filter>
    </ClCompile>
    <ClCompile Include="..\3rd\lua\lfunc.c">
      <Filter>Source Files\lua</Filter>
    </ClCompile>
    <ClCompile Include="..\3rd\lua\lgc.c">
      <Filter>Source Files\lua</Filter>
    </ClCompile>
    <ClCompile Include="..\3rd\lua\linit.c">
      <Filter>Source Files\lua</Filter>
    </ClCompile>
    <ClCompile Include="..\3rd\lua\liolib.c">
      <Filter>Source Files\lua</Filter>
    </ClCompile>
    <ClCompile Include="..\3rd\lua\llex.c">
      <Filter>Source Files\lua</Filter>
    </ClCompile>
    <ClCompile Include="..\3rd\lua\lmathlib.c">
      <Filter>Source Files\lua</Filter>
    </ClCompile>
    <ClCompile Include="..\3rd\lua\lmem.c">
      <Filter>Source Files\lua</Filter>
    </ClCompile>
    <ClCompile Include="..\3rd\lua\loadlib.c">
      <Filter>Source Files\lua</Filter>
    </ClCompile>
    <ClCompile Include="..\3rd\lua\lobject.c">
      <Filter>Source Files\lua</Filter>
    </ClCompile>
    <ClCompile Include="..\3rd\lua\lopcodes.c">
      <Filter>Source Files\lua</Filter>
    </ClCompile>
    <ClCompile Include="..\3rd\lua\loslib.c">
      <Filter>Source Files\lua</Filter>
    </ClCompile>
    <ClCompile Include="..\3rd\lua\lparser.c">
      <Filter>Source Files\lua</Filter>
    </ClCompile>
    <ClCompile Include="..\3rd\lua\lstate.c">
      <Filter>Source Files\lua</Filter>
    </ClCompile>
    <ClCompile Include="..\3rd\lua\lstring.c">
      <Filter>Source Files\lua</Filter>
    </ClCompile>
    <ClCompile Include="..\3rd\lua\lstrlib.c">
      <Filter>Source Files\lua</Filter>
    </ClCompile>
    <ClCompile Include="..\3rd\lua\ltable.c">
      <Filter>Source Files\lua</Filter>
    </ClCompile>
    <ClCompile Include="..\3rd\lua\ltablib.c">
      <Filter>Source Files\lua</Filter>
    </ClCompile>
    <ClCompile Include="..\3rd\lua\ltm.c">
      <Filter>Source Files\lua</Filter>
    </ClCompile>
    <ClCompile Include="..\3rd\lua\lundump.c">
      <Filter>Source Files\lua</Filter>
    </ClCompile>
    <ClCompile Include="..\3rd\lua\lutf8lib.c">
      <Filter>Source Files\lua</Filter>
    </ClCompile>
    <ClCompile Include="..\3rd\lua\lvm.c">
      <Filter>Source Files\lua</Filter>
    </ClCompile>
    <ClCompile Include="..\3rd\lua\lzio.c">
      <Filter>Source Files\lua</Filter>
    </ClCompile>
    <ClCompile Include="..\src\script.cc">
      <Filter>Source Files</Filter>
    </ClCompile>
  </ItemGroup>
  <ItemGroup>
    <ClInclude Include="..\3rd\sqlite3\sqlite3.h">
      <Filter>Source Files\sqlite3</Filter>
    </ClInclude>
    <ClInclude Include="..\src\model.h">
      <Filter>Source Files</Filter>
    </ClInclude>
    <ClInclude Include="..\src\charset.h">
      <Filter>Source Files</Filter>
    </ClInclude>
    <ClInclude Include="..\src\view.h">
      <Filter>Source Files</Filter>
    </ClInclude>
    <ClInclude Include="..\3rd\taowin\tw_control.h">
      <Filter>Source Files\taowin</Filter>
    </ClInclude>
    <ClInclude Include="..\3rd\taowin\tw_parser.h">
      <Filter>Source Files\taowin</Filter>
    </ClInclude>
    <ClInclude Include="..\3rd\taowin\tw_resmgr.h">
      <Filter>Source Files\taowin</Filter>
    </ClInclude>
    <ClInclude Include="..\3rd\taowin\tw_syscontrols.h">
      <Filter>Source Files\taowin</Filter>
    </ClInclude>
    <ClInclude Include="..\3rd\taowin\tw_taowin.h">
      <Filter>Source Files\taowin</Filter>
    </ClInclude>
    <ClInclude Include="..\3rd\taowin\tw_util.h">
      <Filter>Source Files\taowin</Filter>
    </ClInclude>
    <ClInclude Include="..\3rd\taowin\tw_window.h">
      <Filter>Source Files\taowin</Filter>
    </ClInclude>
    <ClInclude Include="..\res\resource.h">
      <Filter>Header Files</Filter>
    </ClInclude>
    <ClInclude Include="..\src\shell.h">
      <Filter>Source Files</Filter>
    </ClInclude>
    <ClInclude Include="..\src\utils.h">
      <Filter>Source Files</Filter>
    </ClInclude>
    <ClInclude Include="..\src\types.hpp">
      <Filter>Source Files</Filter>
    </ClInclude>
    <ClInclude Include="..\src\exec.h">
      <Filter>Source Files</Filter>
    </ClInclude>
    <ClInclude Include="..\src\event.h">
      <Filter>Source Files</Filter>
    </ClInclude>
    <ClInclude Include="..\3rd\lua\lapi.h">
      <Filter>Source Files\lua</Filter>
    </ClInclude>
    <ClInclude Include="..\3rd\lua\lauxlib.h">
      <Filter>Source Files\lua</Filter>
    </ClInclude>
    <ClInclude Include="..\3rd\lua\lcode.h">
      <Filter>Source Files\lua</Filter>
    </ClInclude>
    <ClInclude Include="..\3rd\lua\lctype.h">
      <Filter>Source Files\lua</Filter>
    </ClInclude>
    <ClInclude Include="..\3rd\lua\ldebug.h">
      <Filter>Source Files\lua</Filter>
    </ClInclude>
    <ClInclude Include="..\3rd\lua\ldo.h">
      <Filter>Source Files\lua</Filter>
    </ClInclude>
    <ClInclude Include="..\3rd\lua\lfunc.h">
      <Filter>Source Files\lua</Filter>
    </ClInclude>
    <ClInclude Include="..\3rd\lua\lgc.h">
      <Filter>Source Files\lua</Filter>
    </ClInclude>
    <ClInclude Include="..\3rd\lua\llex.h">
      <Filter>Source Files\lua</Filter>
    </ClInclude>
    <ClInclude Include="..\3rd\lua\llimits.h">
      <Filter>Source Files\lua</Filter>
    </ClInclude>
    <ClInclude Include="..\3rd\lua\lmem.h">
      <Filter>Source Files\lua</Filter>
    </ClInclude>
    <ClInclude Include="..\3rd\lua\lobject.h">
      <Filter>Source Files\lua</Filter>
    </ClInclude>
    <ClInclude Include="..\3rd\lua\lopcodes.h">
      <Filter>Source Files\lua</Filter>
    </ClInclude>
    <ClInclude Include="..\3rd\lua\lparser.h">
      <Filter>Source Files\lua</Filter>
    </ClInclude>
    <ClInclude Include="..\3rd\lua\lprefix.h">
      <Filter>Source Files\lua</Filter>
    </ClInclude>
    <ClInclude Include="..\3rd\lua\lstate.h">
      <Filter>Source Files\lua</Filter>
    </ClInclude>
    <ClInclude Include="..\3rd\lua\lstring.h">
      <Filter>Source Files\lua</Filter>
    </ClInclude>
    <ClInclude Include="..\3rd\lua\ltable.h">
      <Filter>Source Files\lua</Filter>
    </ClInclude>
    <ClInclude Include="..\3rd\lua\ltm.h">
      <Filter>Source Files\lua</Filter>
    </ClInclude>
    <ClInclude Include="..\3rd\lua\lua.h">
      <Filter>Source Files\lua</Filter>
    </ClInclude>
    <ClInclude Include="..\3rd\lua\lua.hpp">
      <Filter>Source Files\lua</Filter>
    </ClInclude>
    <ClInclude Include="..\3rd\lua\luaconf.h">
      <Filter>Source Files\lua</Filter>
    </ClInclude>
    <ClInclude Include="..\3rd\lua\lualib.h">
      <Filter>Source Files\lua</Filter>
    </ClInclude>
    <ClInclude Include="..\3rd\lua\lundump.h">
      <Filter>Source Files\lua</Filter>
    </ClInclude>
    <ClInclude Include="..\3rd\lua\lvm.h">
      <Filter>Source Files\lua</Filter>
    </ClInclude>
    <ClInclude Include="..\3rd\lua\lzio.h">
      <Filter>Source Files\lua</Filter>
    </ClInclude>
    <ClInclude Include="..\src\script.h">
      <Filter>Source Files</Filter>
    </ClInclude>
  </ItemGroup>
  <ItemGroup>
    <ResourceCompile Include="..\res\taoexec.rc">
      <Filter>Resource Files</Filter>
    </ResourceCompile>
  </ItemGroup>
  <ItemGroup>
    <Image Include="..\res\100.ico">
      <Filter>Resource Files</Filter>
    </Image>
  </ItemGroup>
</Project>